// !$*UTF8*$!
{
	archiveVersion = 1;
	classes = {
	};
	objectVersion = 46;
	objects = {

/* Begin PBXBuildFile section */
		2410122D1C8A103B00D74A91 /* constants.swift in Sources */ = {isa = PBXBuildFile; fileRef = 2410122C1C8A103B00D74A91 /* constants.swift */; };
		2410122F1C8CEA1400D74A91 /* README in Resources */ = {isa = PBXBuildFile; fileRef = 2410122E1C8CEA1400D74A91 /* README */; };
		241012311C8D347300D74A91 /* PokeDataLabelTitle.swift in Sources */ = {isa = PBXBuildFile; fileRef = 241012301C8D347300D74A91 /* PokeDataLabelTitle.swift */; };
		241012331C8D3A8500D74A91 /* PokeDataLabelData.swift in Sources */ = {isa = PBXBuildFile; fileRef = 241012321C8D3A8500D74A91 /* PokeDataLabelData.swift */; };
		241012351C8D3E6300D74A91 /* PaddingLabel.swift in Sources */ = {isa = PBXBuildFile; fileRef = 241012341C8D3E6300D74A91 /* PaddingLabel.swift */; };
		241188181C952D7A00D9643C /* PokeAbilitiesLabelData.swift in Sources */ = {isa = PBXBuildFile; fileRef = 241188171C952D7A00D9643C /* PokeAbilitiesLabelData.swift */; };
		2435ABA01C97690A009C8AC6 /* MoveCell.swift in Sources */ = {isa = PBXBuildFile; fileRef = 2435AB9F1C97690A009C8AC6 /* MoveCell.swift */; };
		24BE41A11C8E87B900ADB3BF /* EnhancedDetailsVC.swift in Sources */ = {isa = PBXBuildFile; fileRef = 24BE41A01C8E87B900ADB3BF /* EnhancedDetailsVC.swift */; };
		24BE41A31C8E9EAB00ADB3BF /* PokeTitleLabel.swift in Sources */ = {isa = PBXBuildFile; fileRef = 24BE41A21C8E9EAB00ADB3BF /* PokeTitleLabel.swift */; };
		24C7EAB11C84C58400694D8C /* AppDelegate.swift in Sources */ = {isa = PBXBuildFile; fileRef = 24C7EAB01C84C58400694D8C /* AppDelegate.swift */; };
		24C7EAB31C84C58400694D8C /* ViewController.swift in Sources */ = {isa = PBXBuildFile; fileRef = 24C7EAB21C84C58400694D8C /* ViewController.swift */; };
		24C7EAB61C84C58400694D8C /* Main.storyboard in Resources */ = {isa = PBXBuildFile; fileRef = 24C7EAB41C84C58400694D8C /* Main.storyboard */; };
		24C7EAB81C84C58400694D8C /* Assets.xcassets in Resources */ = {isa = PBXBuildFile; fileRef = 24C7EAB71C84C58400694D8C /* Assets.xcassets */; };
		24C7EABB1C84C58400694D8C /* LaunchScreen.storyboard in Resources */ = {isa = PBXBuildFile; fileRef = 24C7EAB91C84C58400694D8C /* LaunchScreen.storyboard */; };
		24C7EAC61C84C87100694D8C /* pokemon.csv in Resources */ = {isa = PBXBuildFile; fileRef = 24C7EAC51C84C87100694D8C /* pokemon.csv */; };
		24C7EAC81C84CAA200694D8C /* Pokemon.swift in Sources */ = {isa = PBXBuildFile; fileRef = 24C7EAC71C84CAA200694D8C /* Pokemon.swift */; };
		24C7EACA1C8550C900694D8C /* PokeCell.swift in Sources */ = {isa = PBXBuildFile; fileRef = 24C7EAC91C8550C900694D8C /* PokeCell.swift */; };
		24C7EACC1C868E9B00694D8C /* csv.swift in Sources */ = {isa = PBXBuildFile; fileRef = 24C7EACB1C868E9B00694D8C /* csv.swift */; };
		24C7EAD01C869F0900694D8C /* Pokemon Solid.ttf in Resources */ = {isa = PBXBuildFile; fileRef = 24C7EACF1C869F0900694D8C /* Pokemon Solid.ttf */; };
		24C7EAD21C86A78100694D8C /* MainTheme-Stadium.mp3 in Resources */ = {isa = PBXBuildFile; fileRef = 24C7EAD11C86A78100694D8C /* MainTheme-Stadium.mp3 */; };
		24C7EAD41C88AEB800694D8C /* PokemonDetailVC.swift in Sources */ = {isa = PBXBuildFile; fileRef = 24C7EAD31C88AEB800694D8C /* PokemonDetailVC.swift */; };
		D0DC5A32C4FAA910A10DA4AB /* Pods_pokedex.framework in Frameworks */ = {isa = PBXBuildFile; fileRef = 9596058F362093ED6285CABE /* Pods_pokedex.framework */; };
/* End PBXBuildFile section */

/* Begin PBXFileReference section */
		2410122C1C8A103B00D74A91 /* constants.swift */ = {isa = PBXFileReference; fileEncoding = 4; lastKnownFileType = sourcecode.swift; path = constants.swift; sourceTree = "<group>"; };
		2410122E1C8CEA1400D74A91 /* README */ = {isa = PBXFileReference; fileEncoding = 4; lastKnownFileType = text; path = README; sourceTree = "<group>"; };
		241012301C8D347300D74A91 /* PokeDataLabelTitle.swift */ = {isa = PBXFileReference; fileEncoding = 4; lastKnownFileType = sourcecode.swift; path = PokeDataLabelTitle.swift; sourceTree = "<group>"; };
		241012321C8D3A8500D74A91 /* PokeDataLabelData.swift */ = {isa = PBXFileReference; fileEncoding = 4; lastKnownFileType = sourcecode.swift; path = PokeDataLabelData.swift; sourceTree = "<group>"; };
		241012341C8D3E6300D74A91 /* PaddingLabel.swift */ = {isa = PBXFileReference; fileEncoding = 4; lastKnownFileType = sourcecode.swift; path = PaddingLabel.swift; sourceTree = "<group>"; };
		241188171C952D7A00D9643C /* PokeAbilitiesLabelData.swift */ = {isa = PBXFileReference; fileEncoding = 4; lastKnownFileType = sourcecode.swift; path = PokeAbilitiesLabelData.swift; sourceTree = "<group>"; };
		2435AB9F1C97690A009C8AC6 /* MoveCell.swift */ = {isa = PBXFileReference; fileEncoding = 4; lastKnownFileType = sourcecode.swift; path = MoveCell.swift; sourceTree = "<group>"; };
		24BE41A01C8E87B900ADB3BF /* EnhancedDetailsVC.swift */ = {isa = PBXFileReference; fileEncoding = 4; lastKnownFileType = sourcecode.swift; path = EnhancedDetailsVC.swift; sourceTree = "<group>"; };
		24BE41A21C8E9EAB00ADB3BF /* PokeTitleLabel.swift */ = {isa = PBXFileReference; fileEncoding = 4; lastKnownFileType = sourcecode.swift; path = PokeTitleLabel.swift; sourceTree = "<group>"; };
		24C7EAAD1C84C58400694D8C /* pokedex.app */ = {isa = PBXFileReference; explicitFileType = wrapper.application; includeInIndex = 0; path = pokedex.app; sourceTree = BUILT_PRODUCTS_DIR; };
		24C7EAB01C84C58400694D8C /* AppDelegate.swift */ = {isa = PBXFileReference; lastKnownFileType = sourcecode.swift; path = AppDelegate.swift; sourceTree = "<group>"; };
		24C7EAB21C84C58400694D8C /* ViewController.swift */ = {isa = PBXFileReference; lastKnownFileType = sourcecode.swift; path = ViewController.swift; sourceTree = "<group>"; };
		24C7EAB51C84C58400694D8C /* Base */ = {isa = PBXFileReference; lastKnownFileType = file.storyboard; name = Base; path = Base.lproj/Main.storyboard; sourceTree = "<group>"; };
		24C7EAB71C84C58400694D8C /* Assets.xcassets */ = {isa = PBXFileReference; lastKnownFileType = folder.assetcatalog; path = Assets.xcassets; sourceTree = "<group>"; };
		24C7EABA1C84C58400694D8C /* Base */ = {isa = PBXFileReference; lastKnownFileType = file.storyboard; name = Base; path = Base.lproj/LaunchScreen.storyboard; sourceTree = "<group>"; };
		24C7EABC1C84C58400694D8C /* Info.plist */ = {isa = PBXFileReference; lastKnownFileType = text.plist.xml; path = Info.plist; sourceTree = "<group>"; };
		24C7EAC51C84C87100694D8C /* pokemon.csv */ = {isa = PBXFileReference; fileEncoding = 4; lastKnownFileType = text; path = pokemon.csv; sourceTree = "<group>"; };
		24C7EAC71C84CAA200694D8C /* Pokemon.swift */ = {isa = PBXFileReference; fileEncoding = 4; lastKnownFileType = sourcecode.swift; path = Pokemon.swift; sourceTree = "<group>"; };
		24C7EAC91C8550C900694D8C /* PokeCell.swift */ = {isa = PBXFileReference; fileEncoding = 4; lastKnownFileType = sourcecode.swift; path = PokeCell.swift; sourceTree = "<group>"; };
		24C7EACB1C868E9B00694D8C /* csv.swift */ = {isa = PBXFileReference; fileEncoding = 4; lastKnownFileType = sourcecode.swift; path = csv.swift; sourceTree = "<group>"; };
		24C7EACF1C869F0900694D8C /* Pokemon Solid.ttf */ = {isa = PBXFileReference; lastKnownFileType = file; path = "Pokemon Solid.ttf"; sourceTree = "<group>"; };
		24C7EAD11C86A78100694D8C /* MainTheme-Stadium.mp3 */ = {isa = PBXFileReference; lastKnownFileType = audio.mp3; path = "MainTheme-Stadium.mp3"; sourceTree = "<group>"; };
		24C7EAD31C88AEB800694D8C /* PokemonDetailVC.swift */ = {isa = PBXFileReference; fileEncoding = 4; lastKnownFileType = sourcecode.swift; path = PokemonDetailVC.swift; sourceTree = "<group>"; };
		64833BF0AD58AB8AD2509DE3 /* Pods-pokedex.release.xcconfig */ = {isa = PBXFileReference; includeInIndex = 1; lastKnownFileType = text.xcconfig; name = "Pods-pokedex.release.xcconfig"; path = "Pods/Target Support Files/Pods-pokedex/Pods-pokedex.release.xcconfig"; sourceTree = "<group>"; };
		755F37630E82DA06AAB5D89C /* Pods-pokedex.debug.xcconfig */ = {isa = PBXFileReference; includeInIndex = 1; lastKnownFileType = text.xcconfig; name = "Pods-pokedex.debug.xcconfig"; path = "Pods/Target Support Files/Pods-pokedex/Pods-pokedex.debug.xcconfig"; sourceTree = "<group>"; };
		9596058F362093ED6285CABE /* Pods_pokedex.framework */ = {isa = PBXFileReference; explicitFileType = wrapper.framework; includeInIndex = 0; path = Pods_pokedex.framework; sourceTree = BUILT_PRODUCTS_DIR; };
/* End PBXFileReference section */

/* Begin PBXFrameworksBuildPhase section */
		24C7EAAA1C84C58400694D8C /* Frameworks */ = {
			isa = PBXFrameworksBuildPhase;
			buildActionMask = 2147483647;
			files = (
				D0DC5A32C4FAA910A10DA4AB /* Pods_pokedex.framework in Frameworks */,
			);
			runOnlyForDeploymentPostprocessing = 0;
		};
/* End PBXFrameworksBuildPhase section */

/* Begin PBXGroup section */
		24C7EAA41C84C58400694D8C = {
			isa = PBXGroup;
			children = (
				24C7EAAF1C84C58400694D8C /* pokedex */,
				24C7EAAE1C84C58400694D8C /* Products */,
				3927640DAAB3D648424BB5A7 /* Pods */,
				7A2B1CCBF717A2C3B9FFAC1A /* Frameworks */,
			);
			sourceTree = "<group>";
		};
		24C7EAAE1C84C58400694D8C /* Products */ = {
			isa = PBXGroup;
			children = (
				24C7EAAD1C84C58400694D8C /* pokedex.app */,
			);
			name = Products;
			sourceTree = "<group>";
		};
		24C7EAAF1C84C58400694D8C /* pokedex */ = {
			isa = PBXGroup;
			children = (
				24C7EACE1C868F4100694D8C /* resources */,
				24C7EAC41C84C5A000694D8C /* controller */,
				24C7EAC31C84C59B00694D8C /* view */,
				24C7EAC21C84C58F00694D8C /* model */,
				24C7EACD1C868EEF00694D8C /* util */,
				24C7EABC1C84C58400694D8C /* Info.plist */,
				2410122E1C8CEA1400D74A91 /* README */,
			);
			path = pokedex;
			sourceTree = "<group>";
		};
		24C7EAC21C84C58F00694D8C /* model */ = {
			isa = PBXGroup;
			children = (
				24C7EAC71C84CAA200694D8C /* Pokemon.swift */,
			);
			name = model;
			sourceTree = "<group>";
		};
		24C7EAC31C84C59B00694D8C /* view */ = {
			isa = PBXGroup;
			children = (
				24C7EAB91C84C58400694D8C /* LaunchScreen.storyboard */,
				24C7EAB41C84C58400694D8C /* Main.storyboard */,
				24C7EAC91C8550C900694D8C /* PokeCell.swift */,
				2435AB9F1C97690A009C8AC6 /* MoveCell.swift */,
			);
			name = view;
			sourceTree = "<group>";
		};
		24C7EAC41C84C5A000694D8C /* controller */ = {
			isa = PBXGroup;
			children = (
				24C7EAD31C88AEB800694D8C /* PokemonDetailVC.swift */,
				24C7EAB01C84C58400694D8C /* AppDelegate.swift */,
				24C7EAB21C84C58400694D8C /* ViewController.swift */,
				24BE41A01C8E87B900ADB3BF /* EnhancedDetailsVC.swift */,
			);
			name = controller;
			sourceTree = "<group>";
		};
		24C7EACD1C868EEF00694D8C /* util */ = {
			isa = PBXGroup;
			children = (
				24C7EACB1C868E9B00694D8C /* csv.swift */,
				2410122C1C8A103B00D74A91 /* constants.swift */,
				241012301C8D347300D74A91 /* PokeDataLabelTitle.swift */,
				241012321C8D3A8500D74A91 /* PokeDataLabelData.swift */,
				241188171C952D7A00D9643C /* PokeAbilitiesLabelData.swift */,
				241012341C8D3E6300D74A91 /* PaddingLabel.swift */,
				24BE41A21C8E9EAB00ADB3BF /* PokeTitleLabel.swift */,
			);
			name = util;
			sourceTree = "<group>";
		};
		24C7EACE1C868F4100694D8C /* resources */ = {
			isa = PBXGroup;
			children = (
				24C7EAD11C86A78100694D8C /* MainTheme-Stadium.mp3 */,
				24C7EACF1C869F0900694D8C /* Pokemon Solid.ttf */,
				24C7EAB71C84C58400694D8C /* Assets.xcassets */,
				24C7EAC51C84C87100694D8C /* pokemon.csv */,
			);
			name = resources;
			sourceTree = "<group>";
		};
		3927640DAAB3D648424BB5A7 /* Pods */ = {
			isa = PBXGroup;
			children = (
				755F37630E82DA06AAB5D89C /* Pods-pokedex.debug.xcconfig */,
				64833BF0AD58AB8AD2509DE3 /* Pods-pokedex.release.xcconfig */,
			);
			name = Pods;
			sourceTree = "<group>";
		};
		7A2B1CCBF717A2C3B9FFAC1A /* Frameworks */ = {
			isa = PBXGroup;
			children = (
				9596058F362093ED6285CABE /* Pods_pokedex.framework */,
			);
			name = Frameworks;
			sourceTree = "<group>";
		};
/* End PBXGroup section */

/* Begin PBXNativeTarget section */
		24C7EAAC1C84C58400694D8C /* pokedex */ = {
			isa = PBXNativeTarget;
			buildConfigurationList = 24C7EABF1C84C58400694D8C /* Build configuration list for PBXNativeTarget "pokedex" */;
			buildPhases = (
				50E1438C8377B5080FA73F70 /* Check Pods Manifest.lock */,
				24C7EAA91C84C58400694D8C /* Sources */,
				24C7EAAA1C84C58400694D8C /* Frameworks */,
				24C7EAAB1C84C58400694D8C /* Resources */,
				D79917341AA237D9FC895BDF /* Embed Pods Frameworks */,
				EFA6051B5BBDF6A9693C4974 /* Copy Pods Resources */,
			);
			buildRules = (
			);
			dependencies = (
			);
			name = pokedex;
			productName = pokedex;
			productReference = 24C7EAAD1C84C58400694D8C /* pokedex.app */;
			productType = "com.apple.product-type.application";
		};
/* End PBXNativeTarget section */

/* Begin PBXProject section */
		24C7EAA51C84C58400694D8C /* Project object */ = {
			isa = PBXProject;
			attributes = {
				LastSwiftUpdateCheck = 0720;
				LastUpgradeCheck = 0720;
				ORGANIZATIONNAME = "Anthony Torrero Collins";
				TargetAttributes = {
					24C7EAAC1C84C58400694D8C = {
						CreatedOnToolsVersion = 7.2.1;
						DevelopmentTeam = A3XXLP2945;
					};
				};
			};
			buildConfigurationList = 24C7EAA81C84C58400694D8C /* Build configuration list for PBXProject "pokedex" */;
			compatibilityVersion = "Xcode 3.2";
			developmentRegion = English;
			hasScannedForEncodings = 0;
			knownRegions = (
				en,
				Base,
			);
			mainGroup = 24C7EAA41C84C58400694D8C;
			productRefGroup = 24C7EAAE1C84C58400694D8C /* Products */;
			projectDirPath = "";
			projectRoot = "";
			targets = (
				24C7EAAC1C84C58400694D8C /* pokedex */,
			);
		};
/* End PBXProject section */

/* Begin PBXResourcesBuildPhase section */
		24C7EAAB1C84C58400694D8C /* Resources */ = {
			isa = PBXResourcesBuildPhase;
			buildActionMask = 2147483647;
			files = (
				24C7EAD21C86A78100694D8C /* MainTheme-Stadium.mp3 in Resources */,
				24C7EAD01C869F0900694D8C /* Pokemon Solid.ttf in Resources */,
				24C7EABB1C84C58400694D8C /* LaunchScreen.storyboard in Resources */,
				24C7EAB81C84C58400694D8C /* Assets.xcassets in Resources */,
				24C7EAC61C84C87100694D8C /* pokemon.csv in Resources */,
				24C7EAB61C84C58400694D8C /* Main.storyboard in Resources */,
				2410122F1C8CEA1400D74A91 /* README in Resources */,
			);
			runOnlyForDeploymentPostprocessing = 0;
		};
/* End PBXResourcesBuildPhase section */

/* Begin PBXShellScriptBuildPhase section */
		50E1438C8377B5080FA73F70 /* Check Pods Manifest.lock */ = {
			isa = PBXShellScriptBuildPhase;
			buildActionMask = 2147483647;
			files = (
			);
			inputPaths = (
			);
			name = "Check Pods Manifest.lock";
			outputPaths = (
			);
			runOnlyForDeploymentPostprocessing = 0;
			shellPath = /bin/sh;
			shellScript = "diff \"${PODS_ROOT}/../Podfile.lock\" \"${PODS_ROOT}/Manifest.lock\" > /dev/null\nif [[ $? != 0 ]] ; then\n    cat << EOM\nerror: The sandbox is not in sync with the Podfile.lock. Run 'pod install' or update your CocoaPods installation.\nEOM\n    exit 1\nfi\n";
			showEnvVarsInLog = 0;
		};
		D79917341AA237D9FC895BDF /* Embed Pods Frameworks */ = {
			isa = PBXShellScriptBuildPhase;
			buildActionMask = 2147483647;
			files = (
			);
			inputPaths = (
			);
			name = "Embed Pods Frameworks";
			outputPaths = (
			);
			runOnlyForDeploymentPostprocessing = 0;
			shellPath = /bin/sh;
			shellScript = "\"${SRCROOT}/Pods/Target Support Files/Pods-pokedex/Pods-pokedex-frameworks.sh\"\n";
			showEnvVarsInLog = 0;
		};
		EFA6051B5BBDF6A9693C4974 /* Copy Pods Resources */ = {
			isa = PBXShellScriptBuildPhase;
			buildActionMask = 2147483647;
			files = (
			);
			inputPaths = (
			);
			name = "Copy Pods Resources";
			outputPaths = (
			);
			runOnlyForDeploymentPostprocessing = 0;
			shellPath = /bin/sh;
			shellScript = "\"${SRCROOT}/Pods/Target Support Files/Pods-pokedex/Pods-pokedex-resources.sh\"\n";
			showEnvVarsInLog = 0;
		};
/* End PBXShellScriptBuildPhase section */

/* Begin PBXSourcesBuildPhase section */
		24C7EAA91C84C58400694D8C /* Sources */ = {
			isa = PBXSourcesBuildPhase;
			buildActionMask = 2147483647;
			files = (
				24C7EAB31C84C58400694D8C /* ViewController.swift in Sources */,
				241012311C8D347300D74A91 /* PokeDataLabelTitle.swift in Sources */,
				24C7EAB11C84C58400694D8C /* AppDelegate.swift in Sources */,
				24BE41A11C8E87B900ADB3BF /* EnhancedDetailsVC.swift in Sources */,
				24C7EACA1C8550C900694D8C /* PokeCell.swift in Sources */,
				2410122D1C8A103B00D74A91 /* constants.swift in Sources */,
				2435ABA01C97690A009C8AC6 /* MoveCell.swift in Sources */,
				241012331C8D3A8500D74A91 /* PokeDataLabelData.swift in Sources */,
				241188181C952D7A00D9643C /* PokeAbilitiesLabelData.swift in Sources */,
				241012351C8D3E6300D74A91 /* PaddingLabel.swift in Sources */,
				24BE41A31C8E9EAB00ADB3BF /* PokeTitleLabel.swift in Sources */,
				24C7EAD41C88AEB800694D8C /* PokemonDetailVC.swift in Sources */,
				24C7EAC81C84CAA200694D8C /* Pokemon.swift in Sources */,
				24C7EACC1C868E9B00694D8C /* csv.swift in Sources */,
			);
			runOnlyForDeploymentPostprocessing = 0;
		};
/* End PBXSourcesBuildPhase section */

/* Begin PBXVariantGroup section */
		24C7EAB41C84C58400694D8C /* Main.storyboard */ = {
			isa = PBXVariantGroup;
			children = (
				24C7EAB51C84C58400694D8C /* Base */,
			);
			name = Main.storyboard;
			sourceTree = "<group>";
		};
		24C7EAB91C84C58400694D8C /* LaunchScreen.storyboard */ = {
			isa = PBXVariantGroup;
			children = (
				24C7EABA1C84C58400694D8C /* Base */,
			);
			name = LaunchScreen.storyboard;
			sourceTree = "<group>";
		};
/* End PBXVariantGroup section */

/* Begin XCBuildConfiguration section */
		24C7EABD1C84C58400694D8C /* Debug */ = {
			isa = XCBuildConfiguration;
			buildSettings = {
				ALWAYS_SEARCH_USER_PATHS = NO;
				CLANG_CXX_LANGUAGE_STANDARD = "gnu++0x";
				CLANG_CXX_LIBRARY = "libc++";
				CLANG_ENABLE_MODULES = YES;
				CLANG_ENABLE_OBJC_ARC = YES;
				CLANG_WARN_BOOL_CONVERSION = YES;
				CLANG_WARN_CONSTANT_CONVERSION = YES;
				CLANG_WARN_DIRECT_OBJC_ISA_USAGE = YES_ERROR;
				CLANG_WARN_EMPTY_BODY = YES;
				CLANG_WARN_ENUM_CONVERSION = YES;
				CLANG_WARN_INT_CONVERSION = YES;
				CLANG_WARN_OBJC_ROOT_CLASS = YES_ERROR;
				CLANG_WARN_UNREACHABLE_CODE = YES;
				CLANG_WARN__DUPLICATE_METHOD_MATCH = YES;
				"CODE_SIGN_IDENTITY[sdk=iphoneos*]" = "iPhone Developer";
				COPY_PHASE_STRIP = NO;
				DEBUG_INFORMATION_FORMAT = dwarf;
				ENABLE_STRICT_OBJC_MSGSEND = YES;
				ENABLE_TESTABILITY = YES;
				GCC_C_LANGUAGE_STANDARD = gnu99;
				GCC_DYNAMIC_NO_PIC = NO;
				GCC_NO_COMMON_BLOCKS = YES;
				GCC_OPTIMIZATION_LEVEL = 0;
				GCC_PREPROCESSOR_DEFINITIONS = (
					"DEBUG=1",
					"$(inherited)",
				);
				GCC_WARN_64_TO_32_BIT_CONVERSION = YES;
				GCC_WARN_ABOUT_RETURN_TYPE = YES_ERROR;
				GCC_WARN_UNDECLARED_SELECTOR = YES;
				GCC_WARN_UNINITIALIZED_AUTOS = YES_AGGRESSIVE;
				GCC_WARN_UNUSED_FUNCTION = YES;
				GCC_WARN_UNUSED_VARIABLE = YES;
				IPHONEOS_DEPLOYMENT_TARGET = 9.2;
				MTL_ENABLE_DEBUG_INFO = YES;
				ONLY_ACTIVE_ARCH = YES;
				SDKROOT = iphoneos;
				SWIFT_OPTIMIZATION_LEVEL = "-Onone";
				TARGETED_DEVICE_FAMILY = "1,2";
			};
			name = Debug;
		};
		24C7EABE1C84C58400694D8C /* Release */ = {
			isa = XCBuildConfiguration;
			buildSettings = {
				ALWAYS_SEARCH_USER_PATHS = NO;
				CLANG_CXX_LANGUAGE_STANDARD = "gnu++0x";
				CLANG_CXX_LIBRARY = "libc++";
				CLANG_ENABLE_MODULES = YES;
				CLANG_ENABLE_OBJC_ARC = YES;
				CLANG_WARN_BOOL_CONVERSION = YES;
				CLANG_WARN_CONSTANT_CONVERSION = YES;
				CLANG_WARN_DIRECT_OBJC_ISA_USAGE = YES_ERROR;
				CLANG_WARN_EMPTY_BODY = YES;
				CLANG_WARN_ENUM_CONVERSION = YES;
				CLANG_WARN_INT_CONVERSION = YES;
				CLANG_WARN_OBJC_ROOT_CLASS = YES_ERROR;
				CLANG_WARN_UNREACHABLE_CODE = YES;
				CLANG_WARN__DUPLICATE_METHOD_MATCH = YES;
				"CODE_SIGN_IDENTITY[sdk=iphoneos*]" = "iPhone Developer";
				COPY_PHASE_STRIP = NO;
				DEBUG_INFORMATION_FORMAT = "dwarf-with-dsym";
				ENABLE_NS_ASSERTIONS = NO;
				ENABLE_STRICT_OBJC_MSGSEND = YES;
				GCC_C_LANGUAGE_STANDARD = gnu99;
				GCC_NO_COMMON_BLOCKS = YES;
				GCC_WARN_64_TO_32_BIT_CONVERSION = YES;
				GCC_WARN_ABOUT_RETURN_TYPE = YES_ERROR;
				GCC_WARN_UNDECLARED_SELECTOR = YES;
				GCC_WARN_UNINITIALIZED_AUTOS = YES_AGGRESSIVE;
				GCC_WARN_UNUSED_FUNCTION = YES;
				GCC_WARN_UNUSED_VARIABLE = YES;
				IPHONEOS_DEPLOYMENT_TARGET = 9.2;
				MTL_ENABLE_DEBUG_INFO = NO;
				SDKROOT = iphoneos;
				TARGETED_DEVICE_FAMILY = "1,2";
				VALIDATE_PRODUCT = YES;
			};
			name = Release;
		};
		24C7EAC01C84C58400694D8C /* Debug */ = {
			isa = XCBuildConfiguration;
			baseConfigurationReference = 755F37630E82DA06AAB5D89C /* Pods-pokedex.debug.xcconfig */;
			buildSettings = {
				ASSETCATALOG_COMPILER_APPICON_NAME = AppIcon;
				INFOPLIST_FILE = pokedex/Info.plist;
				LD_RUNPATH_SEARCH_PATHS = "$(inherited) @executable_path/Frameworks";
				PRODUCT_BUNDLE_IDENTIFIER = com.atc.learning.pokedex;
				PRODUCT_NAME = "$(TARGET_NAME)";
			};
			name = Debug;
		};
		24C7EAC11C84C58400694D8C /* Release */ = {
			isa = XCBuildConfiguration;
			baseConfigurationReference = 64833BF0AD58AB8AD2509DE3 /* Pods-pokedex.release.xcconfig */;
			buildSettings = {
				ASSETCATALOG_COMPILER_APPICON_NAME = AppIcon;
				INFOPLIST_FILE = pokedex/Info.plist;
				LD_RUNPATH_SEARCH_PATHS = "$(inherited) @executable_path/Frameworks";
				PRODUCT_BUNDLE_IDENTIFIER = com.atc.learning.pokedex;
				PRODUCT_NAME = "$(TARGET_NAME)";
			};
			name = Release;
		};
/* End XCBuildConfiguration section */

/* Begin XCConfigurationList section */
		24C7EAA81C84C58400694D8C /* Build configuration list for PBXProject "pokedex" */ = {
			isa = XCConfigurationList;
			buildConfigurations = (
				24C7EABD1C84C58400694D8C /* Debug */,
				24C7EABE1C84C58400694D8C /* Release */,
			);
			defaultConfigurationIsVisible = 0;
			defaultConfigurationName = Release;
		};
		24C7EABF1C84C58400694D8C /* Build configuration list for PBXNativeTarget "pokedex" */ = {
			isa = XCConfigurationList;
			buildConfigurations = (
				24C7EAC01C84C58400694D8C /* Debug */,
				24C7EAC11C84C58400694D8C /* Release */,
			);
			defaultConfigurationIsVisible = 0;
			defaultConfigurationName = Release;
		};
/* End XCConfigurationList section */
	};
	rootObject = 24C7EAA51C84C58400694D8C /* Project object */;
}
